// !$*UTF8*$!
{
	archiveVersion = 1;
	classes = {
	};
	objectVersion = 46;
	objects = {

/* Begin PBXBuildFile section */
		930175C71C70EA7D00B0C4CB /* LayoutManager.m in Sources */ = {isa = PBXBuildFile; fileRef = 930175C61C70EA7D00B0C4CB /* LayoutManager.m */; };
		9302748C1B897169007F7F18 /* space.gif in Resources */ = {isa = PBXBuildFile; fileRef = 9302748B1B897169007F7F18 /* space.gif */; };
		9302748F1B8971E5007F7F18 /* UIImage+animatedGif.m in Sources */ = {isa = PBXBuildFile; fileRef = 9302748D1B8971E5007F7F18 /* UIImage+animatedGif.m */; };
		930648631BA55C5D00BE0EE8 /* SoundboardCollectionViewCell.m in Sources */ = {isa = PBXBuildFile; fileRef = 930648621BA55C5D00BE0EE8 /* SoundboardCollectionViewCell.m */; };
		930955401BB30951007F6EFC /* SoundInfo.plist in Resources */ = {isa = PBXBuildFile; fileRef = 9317F4CC1BA8D8AA00B092F4 /* SoundInfo.plist */; };
		9311C2EA1BBDB28D003058AD /* RoundButton.m in Sources */ = {isa = PBXBuildFile; fileRef = 9311C2E91BBDB28D003058AD /* RoundButton.m */; };
		93157A6B1B8A7F5F0095F25F /* ufo.m4a in Resources */ = {isa = PBXBuildFile; fileRef = 93157A6A1B8A7F5F0095F25F /* ufo.m4a */; };
		9315822E1BB6EB0E00EC9CA2 /* shortBlip.m4a in Resources */ = {isa = PBXBuildFile; fileRef = 9315822C1BB6EB0E00EC9CA2 /* shortBlip.m4a */; };
		9315822F1BB6EB0E00EC9CA2 /* poof.m4a in Resources */ = {isa = PBXBuildFile; fileRef = 9315822D1BB6EB0E00EC9CA2 /* poof.m4a */; };
		9317F4D01BA93A3C00B092F4 /* SoundManager.m in Sources */ = {isa = PBXBuildFile; fileRef = 9317F4CF1BA93A3C00B092F4 /* SoundManager.m */; };
		935D44341BA510F7005A024A /* RootViewController.m in Sources */ = {isa = PBXBuildFile; fileRef = 935D44331BA510F7005A024A /* RootViewController.m */; };
		936321881BA78C0B004CB7D6 /* Soundboard.m in Sources */ = {isa = PBXBuildFile; fileRef = 936321871BA78C0B004CB7D6 /* Soundboard.m */; };
		9363218B1BA78C1D004CB7D6 /* SoundItem.m in Sources */ = {isa = PBXBuildFile; fileRef = 9363218A1BA78C1D004CB7D6 /* SoundItem.m */; };
		936321971BA7E6E7004CB7D6 /* spookyOh.m4a in Resources */ = {isa = PBXBuildFile; fileRef = 936321921BA7E6E7004CB7D6 /* spookyOh.m4a */; };
		936321981BA7E6E7004CB7D6 /* screamAh.m4a in Resources */ = {isa = PBXBuildFile; fileRef = 936321931BA7E6E7004CB7D6 /* screamAh.m4a */; };
		936321991BA7E6E7004CB7D6 /* theyAttack.m4a in Resources */ = {isa = PBXBuildFile; fileRef = 936321941BA7E6E7004CB7D6 /* theyAttack.m4a */; };
		9363219A1BA7E6E7004CB7D6 /* meowSoft.m4a in Resources */ = {isa = PBXBuildFile; fileRef = 936321951BA7E6E7004CB7D6 /* meowSoft.m4a */; };
		9363219B1BA7E6E7004CB7D6 /* yourCat.m4a in Resources */ = {isa = PBXBuildFile; fileRef = 936321961BA7E6E7004CB7D6 /* yourCat.m4a */; };
		93AFC6841C6FBA280028F261 /* SHORE.wav in Resources */ = {isa = PBXBuildFile; fileRef = 93AFC6831C6FBA280028F261 /* SHORE.wav */; };
		93AFC6861C6FBAAB0028F261 /* SHOREBW.wav in Resources */ = {isa = PBXBuildFile; fileRef = 93AFC6851C6FBAAB0028F261 /* SHOREBW.wav */; };
		93AFC68A1C6FC1AD0028F261 /* CHINESE.m4a in Resources */ = {isa = PBXBuildFile; fileRef = 93AFC6891C6FC1870028F261 /* CHINESE.m4a */; };
		93AFC68D1C6FD0B70028F261 /* MenuCollectionViewCell.m in Sources */ = {isa = PBXBuildFile; fileRef = 93AFC68C1C6FD0B70028F261 /* MenuCollectionViewCell.m */; };
		93AFC6901C6FEB620028F261 /* UICollectionView+CellRetrieval.m in Sources */ = {isa = PBXBuildFile; fileRef = 93AFC68F1C6FEB620028F261 /* UICollectionView+CellRetrieval.m */; };
		93B5A5571C6EA367009DC43D /* Orbitron Medium.ttf in Resources */ = {isa = PBXBuildFile; fileRef = 93B5A5561C6EA367009DC43D /* Orbitron Medium.ttf */; };
		93B5A5631C6ED033009DC43D /* FEAR.m4a in Resources */ = {isa = PBXBuildFile; fileRef = 93B5A5621C6ED033009DC43D /* FEAR.m4a */; };
		93B5A5651C6ED186009DC43D /* TALONS.m4a in Resources */ = {isa = PBXBuildFile; fileRef = 93B5A5641C6ED186009DC43D /* TALONS.m4a */; };
		93B5A5671C6EEB11009DC43D /* MEXIJAMLOOP.m4a in Resources */ = {isa = PBXBuildFile; fileRef = 93B5A5661C6EEB11009DC43D /* MEXIJAMLOOP.m4a */; };
		93B8E33E1B818926008ECB47 /* main.m in Sources */ = {isa = PBXBuildFile; fileRef = 93B8E33D1B818926008ECB47 /* main.m */; };
		93B8E3411B818926008ECB47 /* AppDelegate.m in Sources */ = {isa = PBXBuildFile; fileRef = 93B8E3401B818926008ECB47 /* AppDelegate.m */; };
		93B8E3471B818926008ECB47 /* Main.storyboard in Resources */ = {isa = PBXBuildFile; fileRef = 93B8E3451B818926008ECB47 /* Main.storyboard */; };
		93B8E3491B818926008ECB47 /* Images.xcassets in Resources */ = {isa = PBXBuildFile; fileRef = 93B8E3481B818926008ECB47 /* Images.xcassets */; };
		93B8E34C1B818926008ECB47 /* LaunchScreen.xib in Resources */ = {isa = PBXBuildFile; fileRef = 93B8E34A1B818926008ECB47 /* LaunchScreen.xib */; };
		93B8E3581B818926008ECB47 /* MartianMonsterTests.m in Sources */ = {isa = PBXBuildFile; fileRef = 93B8E3571B818926008ECB47 /* MartianMonsterTests.m */; };
		93B8E36D1B81AE61008ECB47 /* blip.m4a in Resources */ = {isa = PBXBuildFile; fileRef = 93B8E3681B81AE61008ECB47 /* blip.m4a */; };
		93B8E36F1B81AE61008ECB47 /* incredibleSpeed.m4a in Resources */ = {isa = PBXBuildFile; fileRef = 93B8E36A1B81AE61008ECB47 /* incredibleSpeed.m4a */; };
		93B8E3701B81AE61008ECB47 /* tripIsShort.m4a in Resources */ = {isa = PBXBuildFile; fileRef = 93B8E36B1B81AE61008ECB47 /* tripIsShort.m4a */; };
		93B8E3711B81AE61008ECB47 /* blastOff.m4a in Resources */ = {isa = PBXBuildFile; fileRef = 93B8E36C1B81AE61008ECB47 /* blastOff.m4a */; };
		93BE3DC31BB36520009D603C /* BgSongInfo.plist in Resources */ = {isa = PBXBuildFile; fileRef = 93BE3DC21BB36520009D603C /* BgSongInfo.plist */; };
		93BE3DC81BB3655A009D603C /* GhostLoop.m4a in Resources */ = {isa = PBXBuildFile; fileRef = 93BE3DC51BB36559009D603C /* GhostLoop.m4a */; };
		93BE3DC91BB3655A009D603C /* MMLoop.m4a in Resources */ = {isa = PBXBuildFile; fileRef = 93BE3DC61BB3655A009D603C /* MMLoop.m4a */; };
		93BE3DCC1BB375FE009D603C /* PetCatLoop.m4a in Resources */ = {isa = PBXBuildFile; fileRef = 93BE3DCB1BB375FE009D603C /* PetCatLoop.m4a */; };
		93C6F20F1BC038F200276D1D /* firstAstronaut.m4a in Resources */ = {isa = PBXBuildFile; fileRef = 93C6F20E1BC038F200276D1D /* firstAstronaut.m4a */; };
		93F1D7BF1B89BE8D00979365 /* AVFoundation.framework in Frameworks */ = {isa = PBXBuildFile; fileRef = 93F1D7BE1B89BE8D00979365 /* AVFoundation.framework */; };
/* End PBXBuildFile section */

/* Begin PBXContainerItemProxy section */
		93B8E3521B818926008ECB47 /* PBXContainerItemProxy */ = {
			isa = PBXContainerItemProxy;
			containerPortal = 93B8E3301B818925008ECB47 /* Project object */;
			proxyType = 1;
			remoteGlobalIDString = 93B8E3371B818925008ECB47;
			remoteInfo = MartianMonster;
		};
/* End PBXContainerItemProxy section */

/* Begin PBXFileReference section */
		930175C51C70EA7D00B0C4CB /* LayoutManager.h */ = {isa = PBXFileReference; fileEncoding = 4; lastKnownFileType = sourcecode.c.h; path = LayoutManager.h; sourceTree = "<group>"; };
		930175C61C70EA7D00B0C4CB /* LayoutManager.m */ = {isa = PBXFileReference; fileEncoding = 4; lastKnownFileType = sourcecode.c.objc; path = LayoutManager.m; sourceTree = "<group>"; };
		9302748B1B897169007F7F18 /* space.gif */ = {isa = PBXFileReference; lastKnownFileType = image.gif; path = space.gif; sourceTree = "<group>"; };
		9302748D1B8971E5007F7F18 /* UIImage+animatedGif.m */ = {isa = PBXFileReference; fileEncoding = 4; lastKnownFileType = sourcecode.c.objc; path = "UIImage+animatedGif.m"; sourceTree = "<group>"; };
		9302748E1B8971E5007F7F18 /* UIImage+animatedGif.h */ = {isa = PBXFileReference; fileEncoding = 4; lastKnownFileType = sourcecode.c.h; path = "UIImage+animatedGif.h"; sourceTree = "<group>"; };
		930648611BA55C5D00BE0EE8 /* SoundboardCollectionViewCell.h */ = {isa = PBXFileReference; fileEncoding = 4; lastKnownFileType = sourcecode.c.h; path = SoundboardCollectionViewCell.h; sourceTree = "<group>"; };
		930648621BA55C5D00BE0EE8 /* SoundboardCollectionViewCell.m */ = {isa = PBXFileReference; fileEncoding = 4; lastKnownFileType = sourcecode.c.objc; path = SoundboardCollectionViewCell.m; sourceTree = "<group>"; };
		9311C2E81BBDB28D003058AD /* RoundButton.h */ = {isa = PBXFileReference; fileEncoding = 4; lastKnownFileType = sourcecode.c.h; path = RoundButton.h; sourceTree = "<group>"; };
		9311C2E91BBDB28D003058AD /* RoundButton.m */ = {isa = PBXFileReference; fileEncoding = 4; lastKnownFileType = sourcecode.c.objc; path = RoundButton.m; sourceTree = "<group>"; };
		93157A6A1B8A7F5F0095F25F /* ufo.m4a */ = {isa = PBXFileReference; lastKnownFileType = file; path = ufo.m4a; sourceTree = "<group>"; };
		9315822C1BB6EB0E00EC9CA2 /* shortBlip.m4a */ = {isa = PBXFileReference; lastKnownFileType = file; path = shortBlip.m4a; sourceTree = "<group>"; };
		9315822D1BB6EB0E00EC9CA2 /* poof.m4a */ = {isa = PBXFileReference; lastKnownFileType = file; path = poof.m4a; sourceTree = "<group>"; };
		9317F4CC1BA8D8AA00B092F4 /* SoundInfo.plist */ = {isa = PBXFileReference; fileEncoding = 4; lastKnownFileType = text.plist.xml; path = SoundInfo.plist; sourceTree = "<group>"; };
		9317F4CE1BA93A3C00B092F4 /* SoundManager.h */ = {isa = PBXFileReference; fileEncoding = 4; lastKnownFileType = sourcecode.c.h; path = SoundManager.h; sourceTree = "<group>"; };
		9317F4CF1BA93A3C00B092F4 /* SoundManager.m */ = {isa = PBXFileReference; fileEncoding = 4; lastKnownFileType = sourcecode.c.objc; path = SoundManager.m; sourceTree = "<group>"; };
		935D44321BA510F7005A024A /* RootViewController.h */ = {isa = PBXFileReference; fileEncoding = 4; lastKnownFileType = sourcecode.c.h; path = RootViewController.h; sourceTree = "<group>"; };
		935D44331BA510F7005A024A /* RootViewController.m */ = {isa = PBXFileReference; fileEncoding = 4; lastKnownFileType = sourcecode.c.objc; path = RootViewController.m; sourceTree = "<group>"; };
		936321861BA78C0B004CB7D6 /* Soundboard.h */ = {isa = PBXFileReference; fileEncoding = 4; lastKnownFileType = sourcecode.c.h; path = Soundboard.h; sourceTree = "<group>"; };
		936321871BA78C0B004CB7D6 /* Soundboard.m */ = {isa = PBXFileReference; fileEncoding = 4; lastKnownFileType = sourcecode.c.objc; path = Soundboard.m; sourceTree = "<group>"; };
		936321891BA78C1D004CB7D6 /* SoundItem.h */ = {isa = PBXFileReference; fileEncoding = 4; lastKnownFileType = sourcecode.c.h; path = SoundItem.h; sourceTree = "<group>"; };
		9363218A1BA78C1D004CB7D6 /* SoundItem.m */ = {isa = PBXFileReference; fileEncoding = 4; lastKnownFileType = sourcecode.c.objc; path = SoundItem.m; sourceTree = "<group>"; };
		936321921BA7E6E7004CB7D6 /* spookyOh.m4a */ = {isa = PBXFileReference; lastKnownFileType = file; path = spookyOh.m4a; sourceTree = "<group>"; };
		936321931BA7E6E7004CB7D6 /* screamAh.m4a */ = {isa = PBXFileReference; lastKnownFileType = file; path = screamAh.m4a; sourceTree = "<group>"; };
		936321941BA7E6E7004CB7D6 /* theyAttack.m4a */ = {isa = PBXFileReference; lastKnownFileType = file; path = theyAttack.m4a; sourceTree = "<group>"; };
		936321951BA7E6E7004CB7D6 /* meowSoft.m4a */ = {isa = PBXFileReference; lastKnownFileType = file; path = meowSoft.m4a; sourceTree = "<group>"; };
		936321961BA7E6E7004CB7D6 /* yourCat.m4a */ = {isa = PBXFileReference; lastKnownFileType = file; path = yourCat.m4a; sourceTree = "<group>"; };
		93AFC6831C6FBA280028F261 /* SHORE.wav */ = {isa = PBXFileReference; lastKnownFileType = audio.wav; path = SHORE.wav; sourceTree = "<group>"; };
		93AFC6851C6FBAAB0028F261 /* SHOREBW.wav */ = {isa = PBXFileReference; lastKnownFileType = audio.wav; path = SHOREBW.wav; sourceTree = "<group>"; };
		93AFC6891C6FC1870028F261 /* CHINESE.m4a */ = {isa = PBXFileReference; lastKnownFileType = file; path = CHINESE.m4a; sourceTree = "<group>"; };
		93AFC68B1C6FD0B70028F261 /* MenuCollectionViewCell.h */ = {isa = PBXFileReference; fileEncoding = 4; lastKnownFileType = sourcecode.c.h; path = MenuCollectionViewCell.h; sourceTree = "<group>"; };
		93AFC68C1C6FD0B70028F261 /* MenuCollectionViewCell.m */ = {isa = PBXFileReference; fileEncoding = 4; lastKnownFileType = sourcecode.c.objc; path = MenuCollectionViewCell.m; sourceTree = "<group>"; };
		93AFC68E1C6FEB620028F261 /* UICollectionView+CellRetrieval.h */ = {isa = PBXFileReference; fileEncoding = 4; lastKnownFileType = sourcecode.c.h; path = "UICollectionView+CellRetrieval.h"; sourceTree = "<group>"; };
		93AFC68F1C6FEB620028F261 /* UICollectionView+CellRetrieval.m */ = {isa = PBXFileReference; fileEncoding = 4; lastKnownFileType = sourcecode.c.objc; path = "UICollectionView+CellRetrieval.m"; sourceTree = "<group>"; };
		93B5A5561C6EA367009DC43D /* Orbitron Medium.ttf */ = {isa = PBXFileReference; lastKnownFileType = file; name = "Orbitron Medium.ttf"; path = "../../../../InVision/vik.denic@gmail.com/Fantalytics/Assets/Fonts/Orbitron Medium.ttf"; sourceTree = "<group>"; };
		93B5A5621C6ED033009DC43D /* FEAR.m4a */ = {isa = PBXFileReference; lastKnownFileType = file; path = FEAR.m4a; sourceTree = "<group>"; };
		93B5A5641C6ED186009DC43D /* TALONS.m4a */ = {isa = PBXFileReference; lastKnownFileType = file; path = TALONS.m4a; sourceTree = "<group>"; };
		93B5A5661C6EEB11009DC43D /* MEXIJAMLOOP.m4a */ = {isa = PBXFileReference; lastKnownFileType = file; path = MEXIJAMLOOP.m4a; sourceTree = "<group>"; };
		93B8E3381B818926008ECB47 /* MartianMonster.app */ = {isa = PBXFileReference; explicitFileType = wrapper.application; includeInIndex = 0; path = MartianMonster.app; sourceTree = BUILT_PRODUCTS_DIR; };
		93B8E33C1B818926008ECB47 /* Info.plist */ = {isa = PBXFileReference; lastKnownFileType = text.plist.xml; path = Info.plist; sourceTree = "<group>"; };
		93B8E33D1B818926008ECB47 /* main.m */ = {isa = PBXFileReference; lastKnownFileType = sourcecode.c.objc; path = main.m; sourceTree = "<group>"; };
		93B8E33F1B818926008ECB47 /* AppDelegate.h */ = {isa = PBXFileReference; lastKnownFileType = sourcecode.c.h; path = AppDelegate.h; sourceTree = "<group>"; };
		93B8E3401B818926008ECB47 /* AppDelegate.m */ = {isa = PBXFileReference; lastKnownFileType = sourcecode.c.objc; path = AppDelegate.m; sourceTree = "<group>"; };
		93B8E3461B818926008ECB47 /* Base */ = {isa = PBXFileReference; lastKnownFileType = file.storyboard; name = Base; path = Base.lproj/Main.storyboard; sourceTree = "<group>"; };
		93B8E3481B818926008ECB47 /* Images.xcassets */ = {isa = PBXFileReference; lastKnownFileType = folder.assetcatalog; name = Images.xcassets; path = MartianMonster/Images.xcassets; sourceTree = "<group>"; };
		93B8E34B1B818926008ECB47 /* Base */ = {isa = PBXFileReference; lastKnownFileType = file.xib; name = Base; path = Base.lproj/LaunchScreen.xib; sourceTree = "<group>"; };
		93B8E3511B818926008ECB47 /* MartianMonsterTests.xctest */ = {isa = PBXFileReference; explicitFileType = wrapper.cfbundle; includeInIndex = 0; path = MartianMonsterTests.xctest; sourceTree = BUILT_PRODUCTS_DIR; };
		93B8E3561B818926008ECB47 /* Info.plist */ = {isa = PBXFileReference; lastKnownFileType = text.plist.xml; path = Info.plist; sourceTree = "<group>"; };
		93B8E3571B818926008ECB47 /* MartianMonsterTests.m */ = {isa = PBXFileReference; lastKnownFileType = sourcecode.c.objc; path = MartianMonsterTests.m; sourceTree = "<group>"; };
		93B8E3681B81AE61008ECB47 /* blip.m4a */ = {isa = PBXFileReference; lastKnownFileType = file; path = blip.m4a; sourceTree = "<group>"; };
		93B8E36A1B81AE61008ECB47 /* incredibleSpeed.m4a */ = {isa = PBXFileReference; lastKnownFileType = file; path = incredibleSpeed.m4a; sourceTree = "<group>"; };
		93B8E36B1B81AE61008ECB47 /* tripIsShort.m4a */ = {isa = PBXFileReference; lastKnownFileType = file; path = tripIsShort.m4a; sourceTree = "<group>"; };
		93B8E36C1B81AE61008ECB47 /* blastOff.m4a */ = {isa = PBXFileReference; lastKnownFileType = file; path = blastOff.m4a; sourceTree = "<group>"; };
		93BE3DC21BB36520009D603C /* BgSongInfo.plist */ = {isa = PBXFileReference; fileEncoding = 4; lastKnownFileType = text.plist.xml; path = BgSongInfo.plist; sourceTree = "<group>"; };
		93BE3DC51BB36559009D603C /* GhostLoop.m4a */ = {isa = PBXFileReference; lastKnownFileType = file; path = GhostLoop.m4a; sourceTree = "<group>"; };
		93BE3DC61BB3655A009D603C /* MMLoop.m4a */ = {isa = PBXFileReference; lastKnownFileType = file; path = MMLoop.m4a; sourceTree = "<group>"; };
		93BE3DCB1BB375FE009D603C /* PetCatLoop.m4a */ = {isa = PBXFileReference; lastKnownFileType = file; path = PetCatLoop.m4a; sourceTree = "<group>"; };
		93C6F20E1BC038F200276D1D /* firstAstronaut.m4a */ = {isa = PBXFileReference; lastKnownFileType = file; path = firstAstronaut.m4a; sourceTree = "<group>"; };
		93F1D7BE1B89BE8D00979365 /* AVFoundation.framework */ = {isa = PBXFileReference; lastKnownFileType = wrapper.framework; name = AVFoundation.framework; path = System/Library/Frameworks/AVFoundation.framework; sourceTree = SDKROOT; };
/* End PBXFileReference section */

/* Begin PBXFrameworksBuildPhase section */
		93B8E3351B818925008ECB47 /* Frameworks */ = {
			isa = PBXFrameworksBuildPhase;
			buildActionMask = 2147483647;
			files = (
				93F1D7BF1B89BE8D00979365 /* AVFoundation.framework in Frameworks */,
			);
			runOnlyForDeploymentPostprocessing = 0;
		};
		93B8E34E1B818926008ECB47 /* Frameworks */ = {
			isa = PBXFrameworksBuildPhase;
			buildActionMask = 2147483647;
			files = (
			);
			runOnlyForDeploymentPostprocessing = 0;
		};
/* End PBXFrameworksBuildPhase section */

/* Begin PBXGroup section */
		542DBB955BE42D672F6E022F /* Frameworks */ = {
			isa = PBXGroup;
			children = (
				93F1D7BE1B89BE8D00979365 /* AVFoundation.framework */,
			);
			name = Frameworks;
			sourceTree = "<group>";
		};
		930175C81C70EA8400B0C4CB /* Layout */ = {
			isa = PBXGroup;
			children = (
				930175C51C70EA7D00B0C4CB /* LayoutManager.h */,
				930175C61C70EA7D00B0C4CB /* LayoutManager.m */,
			);
			name = Layout;
			sourceTree = "<group>";
		};
		930274901B897996007F7F18 /* GIF */ = {
			isa = PBXGroup;
			children = (
				9302748E1B8971E5007F7F18 /* UIImage+animatedGif.h */,
				9302748D1B8971E5007F7F18 /* UIImage+animatedGif.m */,
				9302748B1B897169007F7F18 /* space.gif */,
			);
			name = GIF;
			sourceTree = "<group>";
		};
		9311C2EB1BBDB291003058AD /* Custom Views */ = {
			isa = PBXGroup;
			children = (
				9311C2E81BBDB28D003058AD /* RoundButton.h */,
				9311C2E91BBDB28D003058AD /* RoundButton.m */,
			);
			name = "Custom Views";
			sourceTree = "<group>";
		};
		9315822B1BB6EB0000EC9CA2 /* Notification Sounds */ = {
			isa = PBXGroup;
			children = (
				9315822C1BB6EB0E00EC9CA2 /* shortBlip.m4a */,
				9315822D1BB6EB0E00EC9CA2 /* poof.m4a */,
			);
			name = "Notification Sounds";
			sourceTree = "<group>";
		};
		9317F4D11BA9524300B092F4 /* Controller */ = {
			isa = PBXGroup;
			children = (
				935D44321BA510F7005A024A /* RootViewController.h */,
				935D44331BA510F7005A024A /* RootViewController.m */,
			);
			name = Controller;
			sourceTree = "<group>";
		};
		9317F4D21BA9525000B092F4 /* Cells */ = {
			isa = PBXGroup;
			children = (
				930648611BA55C5D00BE0EE8 /* SoundboardCollectionViewCell.h */,
				930648621BA55C5D00BE0EE8 /* SoundboardCollectionViewCell.m */,
				93AFC68B1C6FD0B70028F261 /* MenuCollectionViewCell.h */,
				93AFC68C1C6FD0B70028F261 /* MenuCollectionViewCell.m */,
			);
			name = Cells;
			sourceTree = "<group>";
		};
		9363218C1BA78C23004CB7D6 /* Model */ = {
			isa = PBXGroup;
			children = (
				9317F4CE1BA93A3C00B092F4 /* SoundManager.h */,
				9317F4CF1BA93A3C00B092F4 /* SoundManager.m */,
				936321861BA78C0B004CB7D6 /* Soundboard.h */,
				936321871BA78C0B004CB7D6 /* Soundboard.m */,
				936321891BA78C1D004CB7D6 /* SoundItem.h */,
				9363218A1BA78C1D004CB7D6 /* SoundItem.m */,
			);
			name = Model;
			sourceTree = "<group>";
		};
		9363218F1BA7CEEF004CB7D6 /* One */ = {
			isa = PBXGroup;
			children = (
				93C6F20E1BC038F200276D1D /* firstAstronaut.m4a */,
				93B8E3681B81AE61008ECB47 /* blip.m4a */,
				93157A6A1B8A7F5F0095F25F /* ufo.m4a */,
				93B8E36C1B81AE61008ECB47 /* blastOff.m4a */,
				93B8E36A1B81AE61008ECB47 /* incredibleSpeed.m4a */,
				93B8E36B1B81AE61008ECB47 /* tripIsShort.m4a */,
			);
			name = One;
			sourceTree = "<group>";
		};
		936321901BA7CEFC004CB7D6 /* Two */ = {
			isa = PBXGroup;
			children = (
				936321921BA7E6E7004CB7D6 /* spookyOh.m4a */,
				936321931BA7E6E7004CB7D6 /* screamAh.m4a */,
				936321941BA7E6E7004CB7D6 /* theyAttack.m4a */,
				936321951BA7E6E7004CB7D6 /* meowSoft.m4a */,
				936321961BA7E6E7004CB7D6 /* yourCat.m4a */,
			);
			name = Two;
			sourceTree = "<group>";
		};
		93AFC6911C6FEB670028F261 /* Categories */ = {
			isa = PBXGroup;
			children = (
				93AFC68E1C6FEB620028F261 /* UICollectionView+CellRetrieval.h */,
				93AFC68F1C6FEB620028F261 /* UICollectionView+CellRetrieval.m */,
			);
			name = Categories;
			sourceTree = "<group>";
		};
		93B5A5591C6EB706009DC43D /* Three */ = {
			isa = PBXGroup;
			children = (
				93AFC6891C6FC1870028F261 /* CHINESE.m4a */,
				93AFC6831C6FBA280028F261 /* SHORE.wav */,
				93AFC6851C6FBAAB0028F261 /* SHOREBW.wav */,
				93B5A5621C6ED033009DC43D /* FEAR.m4a */,
				93B5A5641C6ED186009DC43D /* TALONS.m4a */,
			);
			name = Three;
			sourceTree = "<group>";
		};
		93B8E32F1B818925008ECB47 = {
			isa = PBXGroup;
			children = (
				93B8E33A1B818926008ECB47 /* MartianMonster */,
				93B8E3481B818926008ECB47 /* Images.xcassets */,
				93B8E34A1B818926008ECB47 /* LaunchScreen.xib */,
				93B8E3541B818926008ECB47 /* MartianMonsterTests */,
				93B8E3391B818926008ECB47 /* Products */,
				542DBB955BE42D672F6E022F /* Frameworks */,
			);
			sourceTree = "<group>";
		};
		93B8E3391B818926008ECB47 /* Products */ = {
			isa = PBXGroup;
			children = (
				93B8E3381B818926008ECB47 /* MartianMonster.app */,
				93B8E3511B818926008ECB47 /* MartianMonsterTests.xctest */,
			);
			name = Products;
			sourceTree = "<group>";
		};
		93B8E33A1B818926008ECB47 /* MartianMonster */ = {
			isa = PBXGroup;
			children = (
				93B8E3451B818926008ECB47 /* Main.storyboard */,
				93B8E33F1B818926008ECB47 /* AppDelegate.h */,
				93B8E3401B818926008ECB47 /* AppDelegate.m */,
				9317F4D11BA9524300B092F4 /* Controller */,
				9363218C1BA78C23004CB7D6 /* Model */,
				9317F4D21BA9525000B092F4 /* Cells */,
				930175C81C70EA8400B0C4CB /* Layout */,
				93B8E33B1B818926008ECB47 /* Supporting Files */,
				9311C2EB1BBDB291003058AD /* Custom Views */,
				930274901B897996007F7F18 /* GIF */,
				93AFC6911C6FEB670028F261 /* Categories */,
			);
			path = MartianMonster;
			sourceTree = "<group>";
		};
		93B8E33B1B818926008ECB47 /* Supporting Files */ = {
			isa = PBXGroup;
			children = (
				93B8E3611B818953008ECB47 /* Sound Bites */,
				9317F4CC1BA8D8AA00B092F4 /* SoundInfo.plist */,
				93BE3DC21BB36520009D603C /* BgSongInfo.plist */,
				93B5A5561C6EA367009DC43D /* Orbitron Medium.ttf */,
				93B8E33C1B818926008ECB47 /* Info.plist */,
				93B8E33D1B818926008ECB47 /* main.m */,
			);
			name = "Supporting Files";
			sourceTree = "<group>";
		};
		93B8E3541B818926008ECB47 /* MartianMonsterTests */ = {
			isa = PBXGroup;
			children = (
				93B8E3571B818926008ECB47 /* MartianMonsterTests.m */,
				93B8E3551B818926008ECB47 /* Supporting Files */,
			);
			path = MartianMonsterTests;
			sourceTree = "<group>";
		};
		93B8E3551B818926008ECB47 /* Supporting Files */ = {
			isa = PBXGroup;
			children = (
				93B8E3561B818926008ECB47 /* Info.plist */,
			);
			name = "Supporting Files";
			sourceTree = "<group>";
		};
		93B8E3611B818953008ECB47 /* Sound Bites */ = {
			isa = PBXGroup;
			children = (
				93BE3DC41BB36545009D603C /* Background */,
				9363218F1BA7CEEF004CB7D6 /* One */,
				936321901BA7CEFC004CB7D6 /* Two */,
				93B5A5591C6EB706009DC43D /* Three */,
				9315822B1BB6EB0000EC9CA2 /* Notification Sounds */,
			);
			name = "Sound Bites";
			sourceTree = "<group>";
		};
		93BE3DC41BB36545009D603C /* Background */ = {
			isa = PBXGroup;
			children = (
				93BE3DC61BB3655A009D603C /* MMLoop.m4a */,
				93BE3DCB1BB375FE009D603C /* PetCatLoop.m4a */,
				93BE3DC51BB36559009D603C /* GhostLoop.m4a */,
				93B5A5661C6EEB11009DC43D /* MEXIJAMLOOP.m4a */,
			);
			name = Background;
			sourceTree = "<group>";
		};
/* End PBXGroup section */

/* Begin PBXNativeTarget section */
		93B8E3371B818925008ECB47 /* MartianMonster */ = {
			isa = PBXNativeTarget;
			buildConfigurationList = 93B8E35B1B818926008ECB47 /* Build configuration list for PBXNativeTarget "MartianMonster" */;
			buildPhases = (
				93B8E3341B818925008ECB47 /* Sources */,
				93B8E3351B818925008ECB47 /* Frameworks */,
				93B8E3361B818925008ECB47 /* Resources */,
			);
			buildRules = (
			);
			dependencies = (
			);
			name = MartianMonster;
			productName = MartianMonster;
			productReference = 93B8E3381B818926008ECB47 /* MartianMonster.app */;
			productType = "com.apple.product-type.application";
		};
		93B8E3501B818926008ECB47 /* MartianMonsterTests */ = {
			isa = PBXNativeTarget;
			buildConfigurationList = 93B8E35E1B818926008ECB47 /* Build configuration list for PBXNativeTarget "MartianMonsterTests" */;
			buildPhases = (
				93B8E34D1B818926008ECB47 /* Sources */,
				93B8E34E1B818926008ECB47 /* Frameworks */,
				93B8E34F1B818926008ECB47 /* Resources */,
			);
			buildRules = (
			);
			dependencies = (
				93B8E3531B818926008ECB47 /* PBXTargetDependency */,
			);
			name = MartianMonsterTests;
			productName = MartianMonsterTests;
			productReference = 93B8E3511B818926008ECB47 /* MartianMonsterTests.xctest */;
			productType = "com.apple.product-type.bundle.unit-test";
		};
/* End PBXNativeTarget section */

/* Begin PBXProject section */
		93B8E3301B818925008ECB47 /* Project object */ = {
			isa = PBXProject;
			attributes = {
				LastUpgradeCheck = 0640;
				ORGANIZATIONNAME = vikzilla;
				TargetAttributes = {
					93B8E3371B818925008ECB47 = {
						CreatedOnToolsVersion = 6.4;
						DevelopmentTeam = 3DJPBY6593;
					};
					93B8E3501B818926008ECB47 = {
						CreatedOnToolsVersion = 6.4;
						DevelopmentTeam = 3DJPBY6593;
						TestTargetID = 93B8E3371B818925008ECB47;
					};
				};
			};
			buildConfigurationList = 93B8E3331B818925008ECB47 /* Build configuration list for PBXProject "MartianMonster" */;
			compatibilityVersion = "Xcode 3.2";
			developmentRegion = English;
			hasScannedForEncodings = 0;
			knownRegions = (
				en,
				Base,
			);
			mainGroup = 93B8E32F1B818925008ECB47;
			productRefGroup = 93B8E3391B818926008ECB47 /* Products */;
			projectDirPath = "";
			projectRoot = "";
			targets = (
				93B8E3371B818925008ECB47 /* MartianMonster */,
				93B8E3501B818926008ECB47 /* MartianMonsterTests */,
			);
		};
/* End PBXProject section */

/* Begin PBXResourcesBuildPhase section */
		93B8E3361B818925008ECB47 /* Resources */ = {
			isa = PBXResourcesBuildPhase;
			buildActionMask = 2147483647;
			files = (
				9363219A1BA7E6E7004CB7D6 /* meowSoft.m4a in Resources */,
				9302748C1B897169007F7F18 /* space.gif in Resources */,
				93B8E36F1B81AE61008ECB47 /* incredibleSpeed.m4a in Resources */,
				9363219B1BA7E6E7004CB7D6 /* yourCat.m4a in Resources */,
				93BE3DC91BB3655A009D603C /* MMLoop.m4a in Resources */,
				93C6F20F1BC038F200276D1D /* firstAstronaut.m4a in Resources */,
				9315822E1BB6EB0E00EC9CA2 /* shortBlip.m4a in Resources */,
				93B5A5651C6ED186009DC43D /* TALONS.m4a in Resources */,
				93B8E3701B81AE61008ECB47 /* tripIsShort.m4a in Resources */,
				93B5A5571C6EA367009DC43D /* Orbitron Medium.ttf in Resources */,
				9315822F1BB6EB0E00EC9CA2 /* poof.m4a in Resources */,
				93BE3DC31BB36520009D603C /* BgSongInfo.plist in Resources */,
				93AFC6861C6FBAAB0028F261 /* SHOREBW.wav in Resources */,
				93B8E3471B818926008ECB47 /* Main.storyboard in Resources */,
				930955401BB30951007F6EFC /* SoundInfo.plist in Resources */,
				936321971BA7E6E7004CB7D6 /* spookyOh.m4a in Resources */,
				93AFC68A1C6FC1AD0028F261 /* CHINESE.m4a in Resources */,
				93B5A5671C6EEB11009DC43D /* MEXIJAMLOOP.m4a in Resources */,
				93B8E34C1B818926008ECB47 /* LaunchScreen.xib in Resources */,
				936321991BA7E6E7004CB7D6 /* theyAttack.m4a in Resources */,
				93B8E3711B81AE61008ECB47 /* blastOff.m4a in Resources */,
				93BE3DC81BB3655A009D603C /* GhostLoop.m4a in Resources */,
				93AFC6841C6FBA280028F261 /* SHORE.wav in Resources */,
				93B8E3491B818926008ECB47 /* Images.xcassets in Resources */,
				93B8E36D1B81AE61008ECB47 /* blip.m4a in Resources */,
				936321981BA7E6E7004CB7D6 /* screamAh.m4a in Resources */,
				93157A6B1B8A7F5F0095F25F /* ufo.m4a in Resources */,
				93BE3DCC1BB375FE009D603C /* PetCatLoop.m4a in Resources */,
				93B5A5631C6ED033009DC43D /* FEAR.m4a in Resources */,
			);
			runOnlyForDeploymentPostprocessing = 0;
		};
		93B8E34F1B818926008ECB47 /* Resources */ = {
			isa = PBXResourcesBuildPhase;
			buildActionMask = 2147483647;
			files = (
			);
			runOnlyForDeploymentPostprocessing = 0;
		};
/* End PBXResourcesBuildPhase section */

/* Begin PBXSourcesBuildPhase section */
		93B8E3341B818925008ECB47 /* Sources */ = {
			isa = PBXSourcesBuildPhase;
			buildActionMask = 2147483647;
			files = (
				935D44341BA510F7005A024A /* RootViewController.m in Sources */,
				9363218B1BA78C1D004CB7D6 /* SoundItem.m in Sources */,
				936321881BA78C0B004CB7D6 /* Soundboard.m in Sources */,
				930175C71C70EA7D00B0C4CB /* LayoutManager.m in Sources */,
				9302748F1B8971E5007F7F18 /* UIImage+animatedGif.m in Sources */,
				93B8E3411B818926008ECB47 /* AppDelegate.m in Sources */,
				93AFC6901C6FEB620028F261 /* UICollectionView+CellRetrieval.m in Sources */,
				93AFC68D1C6FD0B70028F261 /* MenuCollectionViewCell.m in Sources */,
				93B8E33E1B818926008ECB47 /* main.m in Sources */,
				930648631BA55C5D00BE0EE8 /* SoundboardCollectionViewCell.m in Sources */,
				9311C2EA1BBDB28D003058AD /* RoundButton.m in Sources */,
				9317F4D01BA93A3C00B092F4 /* SoundManager.m in Sources */,
			);
			runOnlyForDeploymentPostprocessing = 0;
		};
		93B8E34D1B818926008ECB47 /* Sources */ = {
			isa = PBXSourcesBuildPhase;
			buildActionMask = 2147483647;
			files = (
				93B8E3581B818926008ECB47 /* MartianMonsterTests.m in Sources */,
			);
			runOnlyForDeploymentPostprocessing = 0;
		};
/* End PBXSourcesBuildPhase section */

/* Begin PBXTargetDependency section */
		93B8E3531B818926008ECB47 /* PBXTargetDependency */ = {
			isa = PBXTargetDependency;
			target = 93B8E3371B818925008ECB47 /* MartianMonster */;
			targetProxy = 93B8E3521B818926008ECB47 /* PBXContainerItemProxy */;
		};
/* End PBXTargetDependency section */

/* Begin PBXVariantGroup section */
		93B8E3451B818926008ECB47 /* Main.storyboard */ = {
			isa = PBXVariantGroup;
			children = (
				93B8E3461B818926008ECB47 /* Base */,
			);
			name = Main.storyboard;
			sourceTree = "<group>";
		};
		93B8E34A1B818926008ECB47 /* LaunchScreen.xib */ = {
			isa = PBXVariantGroup;
			children = (
				93B8E34B1B818926008ECB47 /* Base */,
			);
			name = LaunchScreen.xib;
			path = MartianMonster;
			sourceTree = "<group>";
		};
/* End PBXVariantGroup section */

/* Begin XCBuildConfiguration section */
		93B8E3591B818926008ECB47 /* Debug */ = {
			isa = XCBuildConfiguration;
			buildSettings = {
				ALWAYS_SEARCH_USER_PATHS = NO;
				CLANG_CXX_LANGUAGE_STANDARD = "gnu++0x";
				CLANG_CXX_LIBRARY = "libc++";
				CLANG_ENABLE_MODULES = YES;
				CLANG_ENABLE_OBJC_ARC = YES;
				CLANG_WARN_BOOL_CONVERSION = YES;
				CLANG_WARN_CONSTANT_CONVERSION = YES;
				CLANG_WARN_DIRECT_OBJC_ISA_USAGE = YES_ERROR;
				CLANG_WARN_EMPTY_BODY = YES;
				CLANG_WARN_ENUM_CONVERSION = YES;
				CLANG_WARN_INT_CONVERSION = YES;
				CLANG_WARN_OBJC_ROOT_CLASS = YES_ERROR;
				CLANG_WARN_UNREACHABLE_CODE = YES;
				CLANG_WARN__DUPLICATE_METHOD_MATCH = YES;
				CODE_SIGN_IDENTITY = "iPhone Developer: Viktor Denic (RYULYFSAYQ)";
				"CODE_SIGN_IDENTITY[sdk=iphoneos*]" = "iPhone Developer";
				COPY_PHASE_STRIP = NO;
				DEBUG_INFORMATION_FORMAT = "dwarf-with-dsym";
				ENABLE_STRICT_OBJC_MSGSEND = YES;
				GCC_C_LANGUAGE_STANDARD = gnu99;
				GCC_DYNAMIC_NO_PIC = NO;
				GCC_NO_COMMON_BLOCKS = YES;
				GCC_OPTIMIZATION_LEVEL = 0;
				GCC_PREPROCESSOR_DEFINITIONS = (
					"DEBUG=1",
					"$(inherited)",
				);
				GCC_SYMBOLS_PRIVATE_EXTERN = NO;
				GCC_WARN_64_TO_32_BIT_CONVERSION = YES;
				GCC_WARN_ABOUT_RETURN_TYPE = YES_ERROR;
				GCC_WARN_UNDECLARED_SELECTOR = YES;
				GCC_WARN_UNINITIALIZED_AUTOS = YES_AGGRESSIVE;
				GCC_WARN_UNUSED_FUNCTION = YES;
				GCC_WARN_UNUSED_VARIABLE = YES;
				IPHONEOS_DEPLOYMENT_TARGET = 8.0;
				MTL_ENABLE_DEBUG_INFO = YES;
				ONLY_ACTIVE_ARCH = YES;
				PROVISIONING_PROFILE = "55d0046a-7e2b-4a36-943c-bfe453e1a93b";
				SDKROOT = iphoneos8.4;
				TARGETED_DEVICE_FAMILY = "1,2";
			};
			name = Debug;
		};
		93B8E35A1B818926008ECB47 /* Release */ = {
			isa = XCBuildConfiguration;
			buildSettings = {
				ALWAYS_SEARCH_USER_PATHS = NO;
				CLANG_CXX_LANGUAGE_STANDARD = "gnu++0x";
				CLANG_CXX_LIBRARY = "libc++";
				CLANG_ENABLE_MODULES = YES;
				CLANG_ENABLE_OBJC_ARC = YES;
				CLANG_WARN_BOOL_CONVERSION = YES;
				CLANG_WARN_CONSTANT_CONVERSION = YES;
				CLANG_WARN_DIRECT_OBJC_ISA_USAGE = YES_ERROR;
				CLANG_WARN_EMPTY_BODY = YES;
				CLANG_WARN_ENUM_CONVERSION = YES;
				CLANG_WARN_INT_CONVERSION = YES;
				CLANG_WARN_OBJC_ROOT_CLASS = YES_ERROR;
				CLANG_WARN_UNREACHABLE_CODE = YES;
				CLANG_WARN__DUPLICATE_METHOD_MATCH = YES;
				CODE_SIGN_IDENTITY = "iPhone Developer: Viktor Denic (RYULYFSAYQ)";
				"CODE_SIGN_IDENTITY[sdk=iphoneos*]" = "iPhone Developer";
				COPY_PHASE_STRIP = NO;
				DEBUG_INFORMATION_FORMAT = "dwarf-with-dsym";
				ENABLE_NS_ASSERTIONS = NO;
				ENABLE_STRICT_OBJC_MSGSEND = YES;
				GCC_C_LANGUAGE_STANDARD = gnu99;
				GCC_NO_COMMON_BLOCKS = YES;
				GCC_WARN_64_TO_32_BIT_CONVERSION = YES;
				GCC_WARN_ABOUT_RETURN_TYPE = YES_ERROR;
				GCC_WARN_UNDECLARED_SELECTOR = YES;
				GCC_WARN_UNINITIALIZED_AUTOS = YES_AGGRESSIVE;
				GCC_WARN_UNUSED_FUNCTION = YES;
				GCC_WARN_UNUSED_VARIABLE = YES;
				IPHONEOS_DEPLOYMENT_TARGET = 8.0;
				MTL_ENABLE_DEBUG_INFO = NO;
				PROVISIONING_PROFILE = "55d0046a-7e2b-4a36-943c-bfe453e1a93b";
				SDKROOT = iphoneos8.4;
				TARGETED_DEVICE_FAMILY = "1,2";
				VALIDATE_PRODUCT = YES;
			};
			name = Release;
		};
		93B8E35C1B818926008ECB47 /* Debug */ = {
			isa = XCBuildConfiguration;
			buildSettings = {
				ASSETCATALOG_COMPILER_APPICON_NAME = AppIcon;
				CODE_SIGN_IDENTITY = "";
				INFOPLIST_FILE = MartianMonster/Info.plist;
				IPHONEOS_DEPLOYMENT_TARGET = 8.0;
				LD_RUNPATH_SEARCH_PATHS = "$(inherited) @executable_path/Frameworks";
				PRODUCT_NAME = "$(TARGET_NAME)";
				PROVISIONING_PROFILE = "55d0046a-7e2b-4a36-943c-bfe453e1a93b";
			};
			name = Debug;
		};
		93B8E35D1B818926008ECB47 /* Release */ = {
			isa = XCBuildConfiguration;
			buildSettings = {
				ASSETCATALOG_COMPILER_APPICON_NAME = AppIcon;
				CODE_SIGN_IDENTITY = "";
				INFOPLIST_FILE = MartianMonster/Info.plist;
				IPHONEOS_DEPLOYMENT_TARGET = 8.0;
				LD_RUNPATH_SEARCH_PATHS = "$(inherited) @executable_path/Frameworks";
				PRODUCT_NAME = "$(TARGET_NAME)";
				PROVISIONING_PROFILE = "55d0046a-7e2b-4a36-943c-bfe453e1a93b";
			};
			name = Release;
		};
		93B8E35F1B818926008ECB47 /* Debug */ = {
			isa = XCBuildConfiguration;
			buildSettings = {
				BUNDLE_LOADER = "$(TEST_HOST)";
				CODE_SIGN_IDENTITY = "iPhone Developer";
				"CODE_SIGN_IDENTITY[sdk=iphoneos*]" = "iPhone Developer";
				FRAMEWORK_SEARCH_PATHS = (
					"$(SDKROOT)/Developer/Library/Frameworks",
					"$(inherited)",
				);
				GCC_PREPROCESSOR_DEFINITIONS = (
					"DEBUG=1",
					"$(inherited)",
				);
				INFOPLIST_FILE = MartianMonsterTests/Info.plist;
				LD_RUNPATH_SEARCH_PATHS = "$(inherited) @executable_path/Frameworks @loader_path/Frameworks";
				PRODUCT_NAME = "$(TARGET_NAME)";
				PROVISIONING_PROFILE = "";
				TEST_HOST = "$(BUILT_PRODUCTS_DIR)/MartianMonster.app/MartianMonster";
			};
			name = Debug;
		};
		93B8E3601B818926008ECB47 /* Release */ = {
			isa = XCBuildConfiguration;
			buildSettings = {
				BUNDLE_LOADER = "$(TEST_HOST)";
				CODE_SIGN_IDENTITY = "iPhone Developer";
				"CODE_SIGN_IDENTITY[sdk=iphoneos*]" = "iPhone Developer";
				FRAMEWORK_SEARCH_PATHS = (
					"$(SDKROOT)/Developer/Library/Frameworks",
					"$(inherited)",
				);
				INFOPLIST_FILE = MartianMonsterTests/Info.plist;
				LD_RUNPATH_SEARCH_PATHS = "$(inherited) @executable_path/Frameworks @loader_path/Frameworks";
				PRODUCT_NAME = "$(TARGET_NAME)";
				PROVISIONING_PROFILE = "";
				TEST_HOST = "$(BUILT_PRODUCTS_DIR)/MartianMonster.app/MartianMonster";
			};
			name = Release;
		};
/* End XCBuildConfiguration section */

/* Begin XCConfigurationList section */
		93B8E3331B818925008ECB47 /* Build configuration list for PBXProject "MartianMonster" */ = {
			isa = XCConfigurationList;
			buildConfigurations = (
				93B8E3591B818926008ECB47 /* Debug */,
				93B8E35A1B818926008ECB47 /* Release */,
			);
			defaultConfigurationIsVisible = 0;
			defaultConfigurationName = Release;
		};
		93B8E35B1B818926008ECB47 /* Build configuration list for PBXNativeTarget "MartianMonster" */ = {
			isa = XCConfigurationList;
			buildConfigurations = (
				93B8E35C1B818926008ECB47 /* Debug */,
				93B8E35D1B818926008ECB47 /* Release */,
			);
			defaultConfigurationIsVisible = 0;
			defaultConfigurationName = Release;
		};
		93B8E35E1B818926008ECB47 /* Build configuration list for PBXNativeTarget "MartianMonsterTests" */ = {
			isa = XCConfigurationList;
			buildConfigurations = (
				93B8E35F1B818926008ECB47 /* Debug */,
				93B8E3601B818926008ECB47 /* Release */,
			);
			defaultConfigurationIsVisible = 0;
			defaultConfigurationName = Release;
		};
/* End XCConfigurationList section */
	};
	rootObject = 93B8E3301B818925008ECB47 /* Project object */;
}
